
Microsoft Visual Studio Solution File, Format Version 12.00
# Visual Studio Version 17
VisualStudioVersion = 17.0.31903.59
MinimumVisualStudioVersion = 10.0.40219.1
Project("{2150E333-8FDC-42A3-9474-1A3956D46DE8}") = "src", "src", "{827E0CD3-B72D-47B6-A68D-7590B98EB39B}"
EndProject
Project("{FAE04EC0-301F-11D3-BF4B-00C04F79EFBC}") = "ApiHealthDashboard", "src\ApiHealthDashboard\ApiHealthDashboard.csproj", "{4FA530FA-0F44-4D73-BE01-F406F5B9615C}"
EndProject
Project("{FAE04EC0-301F-11D3-BF4B-00C04F79EFBC}") = "ApiHealthDashboard.Tests", "tests\ApiHealthDashboard.Tests\ApiHealthDashboard.Tests.csproj", "{D1D87EF8-C795-42AB-B8A4-E95D84E54395}"
EndProject
Global
	GlobalSection(SolutionConfigurationPlatforms) = preSolution
		Debug|Any CPU = Debug|Any CPU
		Debug|x64 = Debug|x64
		Debug|x86 = Debug|x86
		Release|Any CPU = Release|Any CPU
		Release|x64 = Release|x64
		Release|x86 = Release|x86
	EndGlobalSection
	GlobalSection(ProjectConfigurationPlatforms) = postSolution
		{4FA530FA-0F44-4D73-BE01-F406F5B9615C}.Debug|Any CPU.ActiveCfg = Debug|Any CPU
		{4FA530FA-0F44-4D73-BE01-F406F5B9615C}.Debug|Any CPU.Build.0 = Debug|Any CPU
		{4FA530FA-0F44-4D73-BE01-F406F5B9615C}.Debug|x64.ActiveCfg = Debug|Any CPU
		{4FA530FA-0F44-4D73-BE01-F406F5B9615C}.Debug|x64.Build.0 = Debug|Any CPU
		{4FA530FA-0F44-4D73-BE01-F406F5B9615C}.Debug|x86.ActiveCfg = Debug|Any CPU
		{4FA530FA-0F44-4D73-BE01-F406F5B9615C}.Debug|x86.Build.0 = Debug|Any CPU
		{4FA530FA-0F44-4D73-BE01-F406F5B9615C}.Release|Any CPU.ActiveCfg = Release|Any CPU
		{4FA530FA-0F44-4D73-BE01-F406F5B9615C}.Release|Any CPU.Build.0 = Release|Any CPU
		{4FA530FA-0F44-4D73-BE01-F406F5B9615C}.Release|x64.ActiveCfg = Release|Any CPU
		{4FA530FA-0F44-4D73-BE01-F406F5B9615C}.Release|x64.Build.0 = Release|Any CPU
		{4FA530FA-0F44-4D73-BE01-F406F5B9615C}.Release|x86.ActiveCfg = Release|Any CPU
		{4FA530FA-0F44-4D73-BE01-F406F5B9615C}.Release|x86.Build.0 = Release|Any CPU
		{D1D87EF8-C795-42AB-B8A4-E95D84E54395}.Debug|Any CPU.ActiveCfg = Debug|Any CPU
		{D1D87EF8-C795-42AB-B8A4-E95D84E54395}.Debug|Any CPU.Build.0 = Debug|Any CPU
		{D1D87EF8-C795-42AB-B8A4-E95D84E54395}.Debug|x64.ActiveCfg = Debug|Any CPU
		{D1D87EF8-C795-42AB-B8A4-E95D84E54395}.Debug|x64.Build.0 = Debug|Any CPU
		{D1D87EF8-C795-42AB-B8A4-E95D84E54395}.Debug|x86.ActiveCfg = Debug|Any CPU
		{D1D87EF8-C795-42AB-B8A4-E95D84E54395}.Debug|x86.Build.0 = Debug|Any CPU
		{D1D87EF8-C795-42AB-B8A4-E95D84E54395}.Release|Any CPU.ActiveCfg = Release|Any CPU
		{D1D87EF8-C795-42AB-B8A4-E95D84E54395}.Release|Any CPU.Build.0 = Release|Any CPU
		{D1D87EF8-C795-42AB-B8A4-E95D84E54395}.Release|x64.ActiveCfg = Release|Any CPU
		{D1D87EF8-C795-42AB-B8A4-E95D84E54395}.Release|x64.Build.0 = Release|Any CPU
		{D1D87EF8-C795-42AB-B8A4-E95D84E54395}.Release|x86.ActiveCfg = Release|Any CPU
		{D1D87EF8-C795-42AB-B8A4-E95D84E54395}.Release|x86.Build.0 = Release|Any CPU
	EndGlobalSection
	GlobalSection(SolutionProperties) = preSolution
		HideSolutionNode = FALSE
	EndGlobalSection
	GlobalSection(NestedProjects) = preSolution
		{4FA530FA-0F44-4D73-BE01-F406F5B9615C} = {827E0CD3-B72D-47B6-A68D-7590B98EB39B}
		{D1D87EF8-C795-42AB-B8A4-E95D84E54395} = {827E0CD3-B72D-47B6-A68D-7590B98EB39B}
	EndGlobalSection
EndGlobal
